
Microsoft Visual Studio Solution File, Format Version 12.00
# Visual Studio Version 17
VisualStudioVersion = 17.2.32616.157
MinimumVisualStudioVersion = 10.0.40219.1
Project("{9A19103F-16F7-4668-BE54-9A1E7A4F7556}") = "classDongu", "classDongu\classDongu.csproj", "{3C378476-5AB9-437C-8F35-0FE252F1AF1C}"
EndProject
Project("{9A19103F-16F7-4668-BE54-9A1E7A4F7556}") = "Metodlar", "Metodlar\Metodlar.csproj", "{DF916186-ADC8-4602-B32B-B6CAB6FB5237}"
EndProject
Project("{9A19103F-16F7-4668-BE54-9A1E7A4F7556}") = "Matematik", "Matematik\Matematik.csproj", "{9CAC04F9-BB46-4687-A97F-B2F306CBC451}"
EndProject
Project("{9A19103F-16F7-4668-BE54-9A1E7A4F7556}") = "DegerVeReferansTipler", "DegerVeReferansTipler\DegerVeReferansTipler.csproj", "{4A503247-BF22-4E73-A20E-604FE415ECD8}"
EndProject
Project("{9A19103F-16F7-4668-BE54-9A1E7A4F7556}") = "OOP1", "OOP1\OOP1.csproj", "{B58BF943-6A5F-41F3-9B0A-1AFA9CE8A791}"
EndProject
Project("{9A19103F-16F7-4668-BE54-9A1E7A4F7556}") = "Koleksiyonlar", "Koleksiyonlar\Koleksiyonlar.csproj", "{B24E6781-9AD7-41FC-A09B-95AA9CA547C0}"
EndProject
Project("{9A19103F-16F7-4668-BE54-9A1E7A4F7556}") = "GenericsIntro", "GenericsIntro\GenericsIntro.csproj", "{16BE055F-D69B-49E3-949B-5A1DFD34BAC5}"
EndProject
Project("{9A19103F-16F7-4668-BE54-9A1E7A4F7556}") = "ERPDemo", "ERPDemo\ERPDemo.csproj", "{91034588-9C95-4016-9F06-D15E31A39E72}"
EndProject
Project("{9A19103F-16F7-4668-BE54-9A1E7A4F7556}") = "BedenKitleIndexi", "BedenKitleIndexi\BedenKitleIndexi.csproj", "{BAFB26CF-8E54-4A44-A1FC-2B723474230B}"
EndProject
Project("{9A19103F-16F7-4668-BE54-9A1E7A4F7556}") = "switchCase", "switchCase\switchCase.csproj", "{43F0D18E-B47C-41ED-A7A3-839D7DC9115A}"
EndProject
Project("{9A19103F-16F7-4668-BE54-9A1E7A4F7556}") = "LoginLoopsEx", "KullanıcıGirişDöngüler\LoginLoopsEx.csproj", "{5F70FCD8-B942-41A6-ABB2-E7FE1D2A8849}"
EndProject
Project("{9A19103F-16F7-4668-BE54-9A1E7A4F7556}") = "Exm2Loops", "Exm2Loops\Exm2Loops.csproj", "{970F12D8-3E5D-4CE1-A4AA-DE3AD88ACDFC}"
EndProject
Project("{9A19103F-16F7-4668-BE54-9A1E7A4F7556}") = "Diziler", "Diziler\Diziler.csproj", "{E3ED9951-AAF4-4A98-96C6-25CB4D3507C6}"
EndProject
Project("{9A19103F-16F7-4668-BE54-9A1E7A4F7556}") = "DizilerExm", "DizilerExm\DizilerExm.csproj", "{1F76B1E6-CCC8-46D2-971F-BC4DF5D52EBC}"
EndProject
Project("{9A19103F-16F7-4668-BE54-9A1E7A4F7556}") = "MetodsIntro", "MetodsIntro\MetodsIntro.csproj", "{A16753C4-8FE0-4663-B394-C9231A450D98}"
EndProject
Project("{9A19103F-16F7-4668-BE54-9A1E7A4F7556}") = "OOP2", "OOP2\OOP2.csproj", "{8DC82047-D0B0-4C84-A4B9-FE079BA2893C}"
EndProject
Project("{9A19103F-16F7-4668-BE54-9A1E7A4F7556}") = "OOP3", "OOP3\OOP3.csproj", "{15C391BF-DB84-463D-AFA8-69802EF923FB}"
EndProject
Project("{9A19103F-16F7-4668-BE54-9A1E7A4F7556}") = "classes", "classes\classes.csproj", "{25F51A94-D4CB-4059-A00C-5CB02F370B1C}"
EndProject
Project("{9A19103F-16F7-4668-BE54-9A1E7A4F7556}") = "RecapDemo1", "RecapDemo1\RecapDemo1.csproj", "{4C77F036-BF61-4FAA-966F-86021B0A7485}"
EndProject
Project("{9A19103F-16F7-4668-BE54-9A1E7A4F7556}") = "InterfacesDemo", "InterfacesDemo\InterfacesDemo.csproj", "{42429385-F633-4F18-9E88-B1F22AA7370C}"
EndProject
Project("{9A19103F-16F7-4668-BE54-9A1E7A4F7556}") = "AbstractInstance", "D:\ammar github\AbstractInstance\AbstractInstance.csproj", "{3D4C499F-1FEE-4582-AD34-5D6843B9818C}"
EndProject
Project("{9A19103F-16F7-4668-BE54-9A1E7A4F7556}") = "ClassIntro", "D:\ammar github\ClassIntro\ClassIntro.csproj", "{97E09FB5-F365-4E1C-8DC9-EB606464DE25}"
EndProject
Project("{9A19103F-16F7-4668-BE54-9A1E7A4F7556}") = "ClassMetotDemo", "D:\ammar github\ClassMetotDemo\ClassMetotDemo.csproj", "{D3727CB1-19D5-4DB0-8008-421BC95C3095}"
EndProject
Project("{9A19103F-16F7-4668-BE54-9A1E7A4F7556}") = "Constructors", "D:\ammar github\Constructors\Constructors.csproj", "{98CC5173-56E6-4B98-B0E5-C08D40DE74EE}"
EndProject
Project("{9A19103F-16F7-4668-BE54-9A1E7A4F7556}") = "Demo5", "D:\ammar github\Demo5\Demo5.csproj", "{C5721743-F699-40E4-A812-819D108D0EBA}"
EndProject
Project("{9A19103F-16F7-4668-BE54-9A1E7A4F7556}") = "GameProject", "D:\ammar github\GameProject\GameProject.csproj", "{B5FA6D82-1EF8-43FB-92F8-01EBDF8C5AF5}"
EndProject
Project("{9A19103F-16F7-4668-BE54-9A1E7A4F7556}") = "Inheritance", "D:\ammar github\Inheritance\Inheritance.csproj", "{E3A3804B-51DC-4E75-B904-7594DF717AB5}"
EndProject
Project("{9A19103F-16F7-4668-BE54-9A1E7A4F7556}") = "InterfaceAbstractDemo", "D:\ammar github\InterfaceAbstractDemo\InterfaceAbstractDemo.csproj", "{A5476877-E27C-4235-AA0C-D4244AAA21A2}"
EndProject
Project("{9A19103F-16F7-4668-BE54-9A1E7A4F7556}") = "Interfaces", "D:\ammar github\Interfaces\Interfaces.csproj", "{8974C70B-9A98-429F-B097-16D7D80274D9}"
EndProject
Project("{9A19103F-16F7-4668-BE54-9A1E7A4F7556}") = "Interfaces2", "D:\ammar github\Interfaces2\Interfaces2.csproj", "{B83A9BFC-85A8-433C-8303-5F26C4A5240A}"
EndProject
Project("{9A19103F-16F7-4668-BE54-9A1E7A4F7556}") = "KampIntro", "D:\ammar github\KampIntro\KampIntro.csproj", "{AE0ED3A4-84E5-41E5-9ECC-8C81E36F6347}"
EndProject
Project("{9A19103F-16F7-4668-BE54-9A1E7A4F7556}") = "RefVeOutKullanımı", "D:\ammar github\RefVeOutKullanımı\RefVeOutKullanımı.csproj", "{99E40D6C-7AC1-47F9-8733-51EE8BB56228}"
EndProject
Global
	GlobalSection(SolutionConfigurationPlatforms) = preSolution
		Debug|Any CPU = Debug|Any CPU
		Release|Any CPU = Release|Any CPU
	EndGlobalSection
	GlobalSection(ProjectConfigurationPlatforms) = postSolution
		{3C378476-5AB9-437C-8F35-0FE252F1AF1C}.Debug|Any CPU.ActiveCfg = Debug|Any CPU
		{3C378476-5AB9-437C-8F35-0FE252F1AF1C}.Debug|Any CPU.Build.0 = Debug|Any CPU
		{3C378476-5AB9-437C-8F35-0FE252F1AF1C}.Release|Any CPU.ActiveCfg = Release|Any CPU
		{3C378476-5AB9-437C-8F35-0FE252F1AF1C}.Release|Any CPU.Build.0 = Release|Any CPU
		{DF916186-ADC8-4602-B32B-B6CAB6FB5237}.Debug|Any CPU.ActiveCfg = Debug|Any CPU
		{DF916186-ADC8-4602-B32B-B6CAB6FB5237}.Debug|Any CPU.Build.0 = Debug|Any CPU
		{DF916186-ADC8-4602-B32B-B6CAB6FB5237}.Release|Any CPU.ActiveCfg = Release|Any CPU
		{DF916186-ADC8-4602-B32B-B6CAB6FB5237}.Release|Any CPU.Build.0 = Release|Any CPU
		{9CAC04F9-BB46-4687-A97F-B2F306CBC451}.Debug|Any CPU.ActiveCfg = Debug|Any CPU
		{9CAC04F9-BB46-4687-A97F-B2F306CBC451}.Debug|Any CPU.Build.0 = Debug|Any CPU
		{9CAC04F9-BB46-4687-A97F-B2F306CBC451}.Release|Any CPU.ActiveCfg = Release|Any CPU
		{9CAC04F9-BB46-4687-A97F-B2F306CBC451}.Release|Any CPU.Build.0 = Release|Any CPU
		{4A503247-BF22-4E73-A20E-604FE415ECD8}.Debug|Any CPU.ActiveCfg = Debug|Any CPU
		{4A503247-BF22-4E73-A20E-604FE415ECD8}.Debug|Any CPU.Build.0 = Debug|Any CPU
		{4A503247-BF22-4E73-A20E-604FE415ECD8}.Release|Any CPU.ActiveCfg = Release|Any CPU
		{4A503247-BF22-4E73-A20E-604FE415ECD8}.Release|Any CPU.Build.0 = Release|Any CPU
		{B58BF943-6A5F-41F3-9B0A-1AFA9CE8A791}.Debug|Any CPU.ActiveCfg = Debug|Any CPU
		{B58BF943-6A5F-41F3-9B0A-1AFA9CE8A791}.Debug|Any CPU.Build.0 = Debug|Any CPU
		{B58BF943-6A5F-41F3-9B0A-1AFA9CE8A791}.Release|Any CPU.ActiveCfg = Release|Any CPU
		{B58BF943-6A5F-41F3-9B0A-1AFA9CE8A791}.Release|Any CPU.Build.0 = Release|Any CPU
		{B24E6781-9AD7-41FC-A09B-95AA9CA547C0}.Debug|Any CPU.ActiveCfg = Debug|Any CPU
		{B24E6781-9AD7-41FC-A09B-95AA9CA547C0}.Debug|Any CPU.Build.0 = Debug|Any CPU
		{B24E6781-9AD7-41FC-A09B-95AA9CA547C0}.Release|Any CPU.ActiveCfg = Release|Any CPU
		{B24E6781-9AD7-41FC-A09B-95AA9CA547C0}.Release|Any CPU.Build.0 = Release|Any CPU
		{16BE055F-D69B-49E3-949B-5A1DFD34BAC5}.Debug|Any CPU.ActiveCfg = Debug|Any CPU
		{16BE055F-D69B-49E3-949B-5A1DFD34BAC5}.Debug|Any CPU.Build.0 = Debug|Any CPU
		{16BE055F-D69B-49E3-949B-5A1DFD34BAC5}.Release|Any CPU.ActiveCfg = Release|Any CPU
		{16BE055F-D69B-49E3-949B-5A1DFD34BAC5}.Release|Any CPU.Build.0 = Release|Any CPU
		{91034588-9C95-4016-9F06-D15E31A39E72}.Debug|Any CPU.ActiveCfg = Debug|Any CPU
		{91034588-9C95-4016-9F06-D15E31A39E72}.Debug|Any CPU.Build.0 = Debug|Any CPU
		{91034588-9C95-4016-9F06-D15E31A39E72}.Release|Any CPU.ActiveCfg = Release|Any CPU
		{91034588-9C95-4016-9F06-D15E31A39E72}.Release|Any CPU.Build.0 = Release|Any CPU
		{BAFB26CF-8E54-4A44-A1FC-2B723474230B}.Debug|Any CPU.ActiveCfg = Debug|Any CPU
		{BAFB26CF-8E54-4A44-A1FC-2B723474230B}.Debug|Any CPU.Build.0 = Debug|Any CPU
		{BAFB26CF-8E54-4A44-A1FC-2B723474230B}.Release|Any CPU.ActiveCfg = Release|Any CPU
		{BAFB26CF-8E54-4A44-A1FC-2B723474230B}.Release|Any CPU.Build.0 = Release|Any CPU
		{43F0D18E-B47C-41ED-A7A3-839D7DC9115A}.Debug|Any CPU.ActiveCfg = Debug|Any CPU
		{43F0D18E-B47C-41ED-A7A3-839D7DC9115A}.Debug|Any CPU.Build.0 = Debug|Any CPU
		{43F0D18E-B47C-41ED-A7A3-839D7DC9115A}.Release|Any CPU.ActiveCfg = Release|Any CPU
		{43F0D18E-B47C-41ED-A7A3-839D7DC9115A}.Release|Any CPU.Build.0 = Release|Any CPU
		{5F70FCD8-B942-41A6-ABB2-E7FE1D2A8849}.Debug|Any CPU.ActiveCfg = Debug|Any CPU
		{5F70FCD8-B942-41A6-ABB2-E7FE1D2A8849}.Debug|Any CPU.Build.0 = Debug|Any CPU
		{5F70FCD8-B942-41A6-ABB2-E7FE1D2A8849}.Release|Any CPU.ActiveCfg = Release|Any CPU
		{5F70FCD8-B942-41A6-ABB2-E7FE1D2A8849}.Release|Any CPU.Build.0 = Release|Any CPU
		{970F12D8-3E5D-4CE1-A4AA-DE3AD88ACDFC}.Debug|Any CPU.ActiveCfg = Debug|Any CPU
		{970F12D8-3E5D-4CE1-A4AA-DE3AD88ACDFC}.Debug|Any CPU.Build.0 = Debug|Any CPU
		{970F12D8-3E5D-4CE1-A4AA-DE3AD88ACDFC}.Release|Any CPU.ActiveCfg = Release|Any CPU
		{970F12D8-3E5D-4CE1-A4AA-DE3AD88ACDFC}.Release|Any CPU.Build.0 = Release|Any CPU
		{E3ED9951-AAF4-4A98-96C6-25CB4D3507C6}.Debug|Any CPU.ActiveCfg = Debug|Any CPU
		{E3ED9951-AAF4-4A98-96C6-25CB4D3507C6}.Debug|Any CPU.Build.0 = Debug|Any CPU
		{E3ED9951-AAF4-4A98-96C6-25CB4D3507C6}.Release|Any CPU.ActiveCfg = Release|Any CPU
		{E3ED9951-AAF4-4A98-96C6-25CB4D3507C6}.Release|Any CPU.Build.0 = Release|Any CPU
		{1F76B1E6-CCC8-46D2-971F-BC4DF5D52EBC}.Debug|Any CPU.ActiveCfg = Debug|Any CPU
		{1F76B1E6-CCC8-46D2-971F-BC4DF5D52EBC}.Debug|Any CPU.Build.0 = Debug|Any CPU
		{1F76B1E6-CCC8-46D2-971F-BC4DF5D52EBC}.Release|Any CPU.ActiveCfg = Release|Any CPU
		{1F76B1E6-CCC8-46D2-971F-BC4DF5D52EBC}.Release|Any CPU.Build.0 = Release|Any CPU
		{A16753C4-8FE0-4663-B394-C9231A450D98}.Debug|Any CPU.ActiveCfg = Debug|Any CPU
		{A16753C4-8FE0-4663-B394-C9231A450D98}.Debug|Any CPU.Build.0 = Debug|Any CPU
		{A16753C4-8FE0-4663-B394-C9231A450D98}.Release|Any CPU.ActiveCfg = Release|Any CPU
		{A16753C4-8FE0-4663-B394-C9231A450D98}.Release|Any CPU.Build.0 = Release|Any CPU
		{8DC82047-D0B0-4C84-A4B9-FE079BA2893C}.Debug|Any CPU.ActiveCfg = Debug|Any CPU
		{8DC82047-D0B0-4C84-A4B9-FE079BA2893C}.Debug|Any CPU.Build.0 = Debug|Any CPU
		{8DC82047-D0B0-4C84-A4B9-FE079BA2893C}.Release|Any CPU.ActiveCfg = Release|Any CPU
		{8DC82047-D0B0-4C84-A4B9-FE079BA2893C}.Release|Any CPU.Build.0 = Release|Any CPU
		{15C391BF-DB84-463D-AFA8-69802EF923FB}.Debug|Any CPU.ActiveCfg = Debug|Any CPU
		{15C391BF-DB84-463D-AFA8-69802EF923FB}.Debug|Any CPU.Build.0 = Debug|Any CPU
		{15C391BF-DB84-463D-AFA8-69802EF923FB}.Release|Any CPU.ActiveCfg = Release|Any CPU
		{15C391BF-DB84-463D-AFA8-69802EF923FB}.Release|Any CPU.Build.0 = Release|Any CPU
		{25F51A94-D4CB-4059-A00C-5CB02F370B1C}.Debug|Any CPU.ActiveCfg = Debug|Any CPU
		{25F51A94-D4CB-4059-A00C-5CB02F370B1C}.Debug|Any CPU.Build.0 = Debug|Any CPU
		{25F51A94-D4CB-4059-A00C-5CB02F370B1C}.Release|Any CPU.ActiveCfg = Release|Any CPU
		{25F51A94-D4CB-4059-A00C-5CB02F370B1C}.Release|Any CPU.Build.0 = Release|Any CPU
		{4C77F036-BF61-4FAA-966F-86021B0A7485}.Debug|Any CPU.ActiveCfg = Debug|Any CPU
		{4C77F036-BF61-4FAA-966F-86021B0A7485}.Debug|Any CPU.Build.0 = Debug|Any CPU
		{4C77F036-BF61-4FAA-966F-86021B0A7485}.Release|Any CPU.ActiveCfg = Release|Any CPU
		{4C77F036-BF61-4FAA-966F-86021B0A7485}.Release|Any CPU.Build.0 = Release|Any CPU
		{42429385-F633-4F18-9E88-B1F22AA7370C}.Debug|Any CPU.ActiveCfg = Debug|Any CPU
		{42429385-F633-4F18-9E88-B1F22AA7370C}.Debug|Any CPU.Build.0 = Debug|Any CPU
		{42429385-F633-4F18-9E88-B1F22AA7370C}.Release|Any CPU.ActiveCfg = Release|Any CPU
		{42429385-F633-4F18-9E88-B1F22AA7370C}.Release|Any CPU.Build.0 = Release|Any CPU
		{3D4C499F-1FEE-4582-AD34-5D6843B9818C}.Debug|Any CPU.ActiveCfg = Debug|Any CPU
		{3D4C499F-1FEE-4582-AD34-5D6843B9818C}.Debug|Any CPU.Build.0 = Debug|Any CPU
		{3D4C499F-1FEE-4582-AD34-5D6843B9818C}.Release|Any CPU.ActiveCfg = Release|Any CPU
		{3D4C499F-1FEE-4582-AD34-5D6843B9818C}.Release|Any CPU.Build.0 = Release|Any CPU
		{97E09FB5-F365-4E1C-8DC9-EB606464DE25}.Debug|Any CPU.ActiveCfg = Debug|Any CPU
		{97E09FB5-F365-4E1C-8DC9-EB606464DE25}.Debug|Any CPU.Build.0 = Debug|Any CPU
		{97E09FB5-F365-4E1C-8DC9-EB606464DE25}.Release|Any CPU.ActiveCfg = Release|Any CPU
		{97E09FB5-F365-4E1C-8DC9-EB606464DE25}.Release|Any CPU.Build.0 = Release|Any CPU
		{D3727CB1-19D5-4DB0-8008-421BC95C3095}.Debug|Any CPU.ActiveCfg = Debug|Any CPU
		{D3727CB1-19D5-4DB0-8008-421BC95C3095}.Debug|Any CPU.Build.0 = Debug|Any CPU
		{D3727CB1-19D5-4DB0-8008-421BC95C3095}.Release|Any CPU.ActiveCfg = Release|Any CPU
		{D3727CB1-19D5-4DB0-8008-421BC95C3095}.Release|Any CPU.Build.0 = Release|Any CPU
		{98CC5173-56E6-4B98-B0E5-C08D40DE74EE}.Debug|Any CPU.ActiveCfg = Debug|Any CPU
		{98CC5173-56E6-4B98-B0E5-C08D40DE74EE}.Debug|Any CPU.Build.0 = Debug|Any CPU
		{98CC5173-56E6-4B98-B0E5-C08D40DE74EE}.Release|Any CPU.ActiveCfg = Release|Any CPU
		{98CC5173-56E6-4B98-B0E5-C08D40DE74EE}.Release|Any CPU.Build.0 = Release|Any CPU
		{C5721743-F699-40E4-A812-819D108D0EBA}.Debug|Any CPU.ActiveCfg = Debug|Any CPU
		{C5721743-F699-40E4-A812-819D108D0EBA}.Debug|Any CPU.Build.0 = Debug|Any CPU
		{C5721743-F699-40E4-A812-819D108D0EBA}.Release|Any CPU.ActiveCfg = Release|Any CPU
		{C5721743-F699-40E4-A812-819D108D0EBA}.Release|Any CPU.Build.0 = Release|Any CPU
		{B5FA6D82-1EF8-43FB-92F8-01EBDF8C5AF5}.Debug|Any CPU.ActiveCfg = Debug|Any CPU
		{B5FA6D82-1EF8-43FB-92F8-01EBDF8C5AF5}.Debug|Any CPU.Build.0 = Debug|Any CPU
		{B5FA6D82-1EF8-43FB-92F8-01EBDF8C5AF5}.Release|Any CPU.ActiveCfg = Release|Any CPU
		{B5FA6D82-1EF8-43FB-92F8-01EBDF8C5AF5}.Release|Any CPU.Build.0 = Release|Any CPU
		{E3A3804B-51DC-4E75-B904-7594DF717AB5}.Debug|Any CPU.ActiveCfg = Debug|Any CPU
		{E3A3804B-51DC-4E75-B904-7594DF717AB5}.Debug|Any CPU.Build.0 = Debug|Any CPU
		{E3A3804B-51DC-4E75-B904-7594DF717AB5}.Release|Any CPU.ActiveCfg = Release|Any CPU
		{E3A3804B-51DC-4E75-B904-7594DF717AB5}.Release|Any CPU.Build.0 = Release|Any CPU
		{A5476877-E27C-4235-AA0C-D4244AAA21A2}.Debug|Any CPU.ActiveCfg = Debug|Any CPU
		{A5476877-E27C-4235-AA0C-D4244AAA21A2}.Debug|Any CPU.Build.0 = Debug|Any CPU
		{A5476877-E27C-4235-AA0C-D4244AAA21A2}.Release|Any CPU.ActiveCfg = Release|Any CPU
		{A5476877-E27C-4235-AA0C-D4244AAA21A2}.Release|Any CPU.Build.0 = Release|Any CPU
		{8974C70B-9A98-429F-B097-16D7D80274D9}.Debug|Any CPU.ActiveCfg = Debug|Any CPU
		{8974C70B-9A98-429F-B097-16D7D80274D9}.Debug|Any CPU.Build.0 = Debug|Any CPU
		{8974C70B-9A98-429F-B097-16D7D80274D9}.Release|Any CPU.ActiveCfg = Release|Any CPU
		{8974C70B-9A98-429F-B097-16D7D80274D9}.Release|Any CPU.Build.0 = Release|Any CPU
		{B83A9BFC-85A8-433C-8303-5F26C4A5240A}.Debug|Any CPU.ActiveCfg = Debug|Any CPU
		{B83A9BFC-85A8-433C-8303-5F26C4A5240A}.Debug|Any CPU.Build.0 = Debug|Any CPU
		{B83A9BFC-85A8-433C-8303-5F26C4A5240A}.Release|Any CPU.ActiveCfg = Release|Any CPU
		{B83A9BFC-85A8-433C-8303-5F26C4A5240A}.Release|Any CPU.Build.0 = Release|Any CPU
		{AE0ED3A4-84E5-41E5-9ECC-8C81E36F6347}.Debug|Any CPU.ActiveCfg = Debug|Any CPU
		{AE0ED3A4-84E5-41E5-9ECC-8C81E36F6347}.Debug|Any CPU.Build.0 = Debug|Any CPU
		{AE0ED3A4-84E5-41E5-9ECC-8C81E36F6347}.Release|Any CPU.ActiveCfg = Release|Any CPU
		{AE0ED3A4-84E5-41E5-9ECC-8C81E36F6347}.Release|Any CPU.Build.0 = Release|Any CPU
		{99E40D6C-7AC1-47F9-8733-51EE8BB56228}.Debug|Any CPU.ActiveCfg = Debug|Any CPU
		{99E40D6C-7AC1-47F9-8733-51EE8BB56228}.Debug|Any CPU.Build.0 = Debug|Any CPU
		{99E40D6C-7AC1-47F9-8733-51EE8BB56228}.Release|Any CPU.ActiveCfg = Release|Any CPU
		{99E40D6C-7AC1-47F9-8733-51EE8BB56228}.Release|Any CPU.Build.0 = Release|Any CPU
	EndGlobalSection
	GlobalSection(SolutionProperties) = preSolution
		HideSolutionNode = FALSE
	EndGlobalSection
	GlobalSection(ExtensibilityGlobals) = postSolution
		SolutionGuid = {D5711A43-6897-4823-AA8D-4BD7273D8E3F}
	EndGlobalSection
EndGlobal
